
Microsoft Visual Studio Solution File, Format Version 12.00
# Visual Studio 2013
VisualStudioVersion = 12.0.21005.1
MinimumVisualStudioVersion = 10.0.40219.1
Project("{FAE04EC0-301F-11D3-BF4B-00C04F79EFBC}") = "HelloASP", "HelloASP\HelloASP.csproj", "{2857F9F9-5AA0-4970-A849-58F1A3DD23F3}"
EndProject
Project("{FAE04EC0-301F-11D3-BF4B-00C04F79EFBC}") = "HelloASP.Tests", "HelloASP.Tests\HelloASP.Tests.csproj", "{21235F3F-9896-4AFF-BCED-307D48768AE6}"
EndProject
Project("{2150E333-8FDC-42A3-9474-1A3956D46DE8}") = ".nuget", ".nuget", "{E01D1720-C664-449A-A085-0BD095E683DE}"
	ProjectSection(SolutionItems) = preProject
		.nuget\NuGet.Config = .nuget\NuGet.Config
		.nuget\NuGet.exe = .nuget\NuGet.exe
		.nuget\NuGet.targets = .nuget\NuGet.targets
	EndProjectSection
EndProject
Global
	GlobalSection(SolutionConfigurationPlatforms) = preSolution
		Debug|Any CPU = Debug|Any CPU
		Release|Any CPU = Release|Any CPU
	EndGlobalSection
	GlobalSection(ProjectConfigurationPlatforms) = postSolution
		{2857F9F9-5AA0-4970-A849-58F1A3DD23F3}.Debug|Any CPU.ActiveCfg = Debug|Any CPU
		{2857F9F9-5AA0-4970-A849-58F1A3DD23F3}.Debug|Any CPU.Build.0 = Debug|Any CPU
		{2857F9F9-5AA0-4970-A849-58F1A3DD23F3}.Release|Any CPU.ActiveCfg = Release|Any CPU
		{2857F9F9-5AA0-4970-A849-58F1A3DD23F3}.Release|Any CPU.Build.0 = Release|Any CPU
		{21235F3F-9896-4AFF-BCED-307D48768AE6}.Debug|Any CPU.ActiveCfg = Debug|Any CPU
		{21235F3F-9896-4AFF-BCED-307D48768AE6}.Debug|Any CPU.Build.0 = Debug|Any CPU
		{21235F3F-9896-4AFF-BCED-307D48768AE6}.Release|Any CPU.ActiveCfg = Release|Any CPU
		{21235F3F-9896-4AFF-BCED-307D48768AE6}.Release|Any CPU.Build.0 = Release|Any CPU
	EndGlobalSection
	GlobalSection(SolutionProperties) = preSolution
		HideSolutionNode = FALSE
	EndGlobalSection
EndGlobal
